
Microsoft Visual Studio Solution File, Format Version 12.00
# Visual Studio Version 16
VisualStudioVersion = 16.0.30104.148
MinimumVisualStudioVersion = 10.0.40219.1
Project("{FAE04EC0-301F-11D3-BF4B-00C04F79EFBC}") = "ServerSide", "ServerSide.csproj", "{8C726DBB-A538-4017-9241-91D67EE7E0A6}"
EndProject
Project("{FAE04EC0-301F-11D3-BF4B-00C04F79EFBC}") = "IndAlimento.Tests", "..\IndAlimento.Tests\IndAlimento.Tests.csproj", "{E74CC992-A23C-45BA-94E3-C9330B2F883F}"
EndProject
Project("{FAE04EC0-301F-11D3-BF4B-00C04F79EFBC}") = "pKXD", "pKXD\pKXD.csproj", "{99FB3E06-CB56-4AB2-93B5-6FE169DEDAD8}"
EndProject
Project("{FAE04EC0-301F-11D3-BF4B-00C04F79EFBC}") = "pBasedb", "pBasedb\pBasedb.csproj", "{DF8785BF-6639-4D65-9A38-926967E89D1A}"
EndProject
Project("{FAE04EC0-301F-11D3-BF4B-00C04F79EFBC}") = "clienteSide", "clienteSide\clienteSide.csproj", "{881E6A31-9BA0-4C8A-8A32-81AD2518B3C5}"
EndProject
Project("{FAE04EC0-301F-11D3-BF4B-00C04F79EFBC}") = "clienteSide.Tests", "clienteSide.Tests\clienteSide.Tests.csproj", "{52E5EC41-4239-4B3D-B850-3085C5D889B5}"
EndProject
Global
	GlobalSection(SolutionConfigurationPlatforms) = preSolution
		Debug|Any CPU = Debug|Any CPU
		Debug|ARM = Debug|ARM
		Debug|ARM64 = Debug|ARM64
		Debug|x64 = Debug|x64
		Debug|x86 = Debug|x86
		Release|Any CPU = Release|Any CPU
		Release|ARM = Release|ARM
		Release|ARM64 = Release|ARM64
		Release|x64 = Release|x64
		Release|x86 = Release|x86
	EndGlobalSection
	GlobalSection(ProjectConfigurationPlatforms) = postSolution
		{8C726DBB-A538-4017-9241-91D67EE7E0A6}.Debug|Any CPU.ActiveCfg = Debug|Any CPU
		{8C726DBB-A538-4017-9241-91D67EE7E0A6}.Debug|Any CPU.Build.0 = Debug|Any CPU
		{8C726DBB-A538-4017-9241-91D67EE7E0A6}.Debug|ARM.ActiveCfg = Debug|Any CPU
		{8C726DBB-A538-4017-9241-91D67EE7E0A6}.Debug|ARM.Build.0 = Debug|Any CPU
		{8C726DBB-A538-4017-9241-91D67EE7E0A6}.Debug|ARM64.ActiveCfg = Debug|Any CPU
		{8C726DBB-A538-4017-9241-91D67EE7E0A6}.Debug|ARM64.Build.0 = Debug|Any CPU
		{8C726DBB-A538-4017-9241-91D67EE7E0A6}.Debug|x64.ActiveCfg = Debug|Any CPU
		{8C726DBB-A538-4017-9241-91D67EE7E0A6}.Debug|x64.Build.0 = Debug|Any CPU
		{8C726DBB-A538-4017-9241-91D67EE7E0A6}.Debug|x86.ActiveCfg = Debug|Any CPU
		{8C726DBB-A538-4017-9241-91D67EE7E0A6}.Debug|x86.Build.0 = Debug|Any CPU
		{8C726DBB-A538-4017-9241-91D67EE7E0A6}.Release|Any CPU.ActiveCfg = Release|Any CPU
		{8C726DBB-A538-4017-9241-91D67EE7E0A6}.Release|Any CPU.Build.0 = Release|Any CPU
		{8C726DBB-A538-4017-9241-91D67EE7E0A6}.Release|ARM.ActiveCfg = Release|Any CPU
		{8C726DBB-A538-4017-9241-91D67EE7E0A6}.Release|ARM.Build.0 = Release|Any CPU
		{8C726DBB-A538-4017-9241-91D67EE7E0A6}.Release|ARM64.ActiveCfg = Release|Any CPU
		{8C726DBB-A538-4017-9241-91D67EE7E0A6}.Release|ARM64.Build.0 = Release|Any CPU
		{8C726DBB-A538-4017-9241-91D67EE7E0A6}.Release|x64.ActiveCfg = Release|Any CPU
		{8C726DBB-A538-4017-9241-91D67EE7E0A6}.Release|x64.Build.0 = Release|Any CPU
		{8C726DBB-A538-4017-9241-91D67EE7E0A6}.Release|x86.ActiveCfg = Release|Any CPU
		{8C726DBB-A538-4017-9241-91D67EE7E0A6}.Release|x86.Build.0 = Release|Any CPU
		{E74CC992-A23C-45BA-94E3-C9330B2F883F}.Debug|Any CPU.ActiveCfg = Debug|Any CPU
		{E74CC992-A23C-45BA-94E3-C9330B2F883F}.Debug|Any CPU.Build.0 = Debug|Any CPU
		{E74CC992-A23C-45BA-94E3-C9330B2F883F}.Debug|ARM.ActiveCfg = Debug|Any CPU
		{E74CC992-A23C-45BA-94E3-C9330B2F883F}.Debug|ARM.Build.0 = Debug|Any CPU
		{E74CC992-A23C-45BA-94E3-C9330B2F883F}.Debug|ARM64.ActiveCfg = Debug|Any CPU
		{E74CC992-A23C-45BA-94E3-C9330B2F883F}.Debug|ARM64.Build.0 = Debug|Any CPU
		{E74CC992-A23C-45BA-94E3-C9330B2F883F}.Debug|x64.ActiveCfg = Debug|Any CPU
		{E74CC992-A23C-45BA-94E3-C9330B2F883F}.Debug|x64.Build.0 = Debug|Any CPU
		{E74CC992-A23C-45BA-94E3-C9330B2F883F}.Debug|x86.ActiveCfg = Debug|Any CPU
		{E74CC992-A23C-45BA-94E3-C9330B2F883F}.Debug|x86.Build.0 = Debug|Any CPU
		{E74CC992-A23C-45BA-94E3-C9330B2F883F}.Release|Any CPU.ActiveCfg = Release|Any CPU
		{E74CC992-A23C-45BA-94E3-C9330B2F883F}.Release|Any CPU.Build.0 = Release|Any CPU
		{E74CC992-A23C-45BA-94E3-C9330B2F883F}.Release|ARM.ActiveCfg = Release|Any CPU
		{E74CC992-A23C-45BA-94E3-C9330B2F883F}.Release|ARM.Build.0 = Release|Any CPU
		{E74CC992-A23C-45BA-94E3-C9330B2F883F}.Release|ARM64.ActiveCfg = Release|Any CPU
		{E74CC992-A23C-45BA-94E3-C9330B2F883F}.Release|ARM64.Build.0 = Release|Any CPU
		{E74CC992-A23C-45BA-94E3-C9330B2F883F}.Release|x64.ActiveCfg = Release|Any CPU
		{E74CC992-A23C-45BA-94E3-C9330B2F883F}.Release|x64.Build.0 = Release|Any CPU
		{E74CC992-A23C-45BA-94E3-C9330B2F883F}.Release|x86.ActiveCfg = Release|Any CPU
		{E74CC992-A23C-45BA-94E3-C9330B2F883F}.Release|x86.Build.0 = Release|Any CPU
		{99FB3E06-CB56-4AB2-93B5-6FE169DEDAD8}.Debug|Any CPU.ActiveCfg = Debug|Any CPU
		{99FB3E06-CB56-4AB2-93B5-6FE169DEDAD8}.Debug|Any CPU.Build.0 = Debug|Any CPU
		{99FB3E06-CB56-4AB2-93B5-6FE169DEDAD8}.Debug|ARM.ActiveCfg = Debug|Any CPU
		{99FB3E06-CB56-4AB2-93B5-6FE169DEDAD8}.Debug|ARM.Build.0 = Debug|Any CPU
		{99FB3E06-CB56-4AB2-93B5-6FE169DEDAD8}.Debug|ARM64.ActiveCfg = Debug|Any CPU
		{99FB3E06-CB56-4AB2-93B5-6FE169DEDAD8}.Debug|ARM64.Build.0 = Debug|Any CPU
		{99FB3E06-CB56-4AB2-93B5-6FE169DEDAD8}.Debug|x64.ActiveCfg = Debug|Any CPU
		{99FB3E06-CB56-4AB2-93B5-6FE169DEDAD8}.Debug|x64.Build.0 = Debug|Any CPU
		{99FB3E06-CB56-4AB2-93B5-6FE169DEDAD8}.Debug|x86.ActiveCfg = Debug|Any CPU
		{99FB3E06-CB56-4AB2-93B5-6FE169DEDAD8}.Debug|x86.Build.0 = Debug|Any CPU
		{99FB3E06-CB56-4AB2-93B5-6FE169DEDAD8}.Release|Any CPU.ActiveCfg = Release|Any CPU
		{99FB3E06-CB56-4AB2-93B5-6FE169DEDAD8}.Release|Any CPU.Build.0 = Release|Any CPU
		{99FB3E06-CB56-4AB2-93B5-6FE169DEDAD8}.Release|ARM.ActiveCfg = Release|Any CPU
		{99FB3E06-CB56-4AB2-93B5-6FE169DEDAD8}.Release|ARM.Build.0 = Release|Any CPU
		{99FB3E06-CB56-4AB2-93B5-6FE169DEDAD8}.Release|ARM64.ActiveCfg = Release|Any CPU
		{99FB3E06-CB56-4AB2-93B5-6FE169DEDAD8}.Release|ARM64.Build.0 = Release|Any CPU
		{99FB3E06-CB56-4AB2-93B5-6FE169DEDAD8}.Release|x64.ActiveCfg = Release|Any CPU
		{99FB3E06-CB56-4AB2-93B5-6FE169DEDAD8}.Release|x64.Build.0 = Release|Any CPU
		{99FB3E06-CB56-4AB2-93B5-6FE169DEDAD8}.Release|x86.ActiveCfg = Release|Any CPU
		{99FB3E06-CB56-4AB2-93B5-6FE169DEDAD8}.Release|x86.Build.0 = Release|Any CPU
		{DF8785BF-6639-4D65-9A38-926967E89D1A}.Debug|Any CPU.ActiveCfg = Debug|Any CPU
		{DF8785BF-6639-4D65-9A38-926967E89D1A}.Debug|Any CPU.Build.0 = Debug|Any CPU
		{DF8785BF-6639-4D65-9A38-926967E89D1A}.Debug|ARM.ActiveCfg = Debug|Any CPU
		{DF8785BF-6639-4D65-9A38-926967E89D1A}.Debug|ARM.Build.0 = Debug|Any CPU
		{DF8785BF-6639-4D65-9A38-926967E89D1A}.Debug|ARM64.ActiveCfg = Debug|Any CPU
		{DF8785BF-6639-4D65-9A38-926967E89D1A}.Debug|ARM64.Build.0 = Debug|Any CPU
		{DF8785BF-6639-4D65-9A38-926967E89D1A}.Debug|x64.ActiveCfg = Debug|Any CPU
		{DF8785BF-6639-4D65-9A38-926967E89D1A}.Debug|x64.Build.0 = Debug|Any CPU
		{DF8785BF-6639-4D65-9A38-926967E89D1A}.Debug|x86.ActiveCfg = Debug|Any CPU
		{DF8785BF-6639-4D65-9A38-926967E89D1A}.Debug|x86.Build.0 = Debug|Any CPU
		{DF8785BF-6639-4D65-9A38-926967E89D1A}.Release|Any CPU.ActiveCfg = Release|Any CPU
		{DF8785BF-6639-4D65-9A38-926967E89D1A}.Release|Any CPU.Build.0 = Release|Any CPU
		{DF8785BF-6639-4D65-9A38-926967E89D1A}.Release|ARM.ActiveCfg = Release|Any CPU
		{DF8785BF-6639-4D65-9A38-926967E89D1A}.Release|ARM.Build.0 = Release|Any CPU
		{DF8785BF-6639-4D65-9A38-926967E89D1A}.Release|ARM64.ActiveCfg = Release|Any CPU
		{DF8785BF-6639-4D65-9A38-926967E89D1A}.Release|ARM64.Build.0 = Release|Any CPU
		{DF8785BF-6639-4D65-9A38-926967E89D1A}.Release|x64.ActiveCfg = Release|Any CPU
		{DF8785BF-6639-4D65-9A38-926967E89D1A}.Release|x64.Build.0 = Release|Any CPU
		{DF8785BF-6639-4D65-9A38-926967E89D1A}.Release|x86.ActiveCfg = Release|Any CPU
		{DF8785BF-6639-4D65-9A38-926967E89D1A}.Release|x86.Build.0 = Release|Any CPU
		{881E6A31-9BA0-4C8A-8A32-81AD2518B3C5}.Debug|Any CPU.ActiveCfg = Debug|Any CPU
		{881E6A31-9BA0-4C8A-8A32-81AD2518B3C5}.Debug|Any CPU.Build.0 = Debug|Any CPU
		{881E6A31-9BA0-4C8A-8A32-81AD2518B3C5}.Debug|ARM.ActiveCfg = Debug|Any CPU
		{881E6A31-9BA0-4C8A-8A32-81AD2518B3C5}.Debug|ARM.Build.0 = Debug|Any CPU
		{881E6A31-9BA0-4C8A-8A32-81AD2518B3C5}.Debug|ARM64.ActiveCfg = Debug|Any CPU
		{881E6A31-9BA0-4C8A-8A32-81AD2518B3C5}.Debug|ARM64.Build.0 = Debug|Any CPU
		{881E6A31-9BA0-4C8A-8A32-81AD2518B3C5}.Debug|x64.ActiveCfg = Debug|Any CPU
		{881E6A31-9BA0-4C8A-8A32-81AD2518B3C5}.Debug|x64.Build.0 = Debug|Any CPU
		{881E6A31-9BA0-4C8A-8A32-81AD2518B3C5}.Debug|x86.ActiveCfg = Debug|Any CPU
		{881E6A31-9BA0-4C8A-8A32-81AD2518B3C5}.Debug|x86.Build.0 = Debug|Any CPU
		{881E6A31-9BA0-4C8A-8A32-81AD2518B3C5}.Release|Any CPU.ActiveCfg = Release|Any CPU
		{881E6A31-9BA0-4C8A-8A32-81AD2518B3C5}.Release|Any CPU.Build.0 = Release|Any CPU
		{881E6A31-9BA0-4C8A-8A32-81AD2518B3C5}.Release|ARM.ActiveCfg = Release|Any CPU
		{881E6A31-9BA0-4C8A-8A32-81AD2518B3C5}.Release|ARM.Build.0 = Release|Any CPU
		{881E6A31-9BA0-4C8A-8A32-81AD2518B3C5}.Release|ARM64.ActiveCfg = Release|Any CPU
		{881E6A31-9BA0-4C8A-8A32-81AD2518B3C5}.Release|ARM64.Build.0 = Release|Any CPU
		{881E6A31-9BA0-4C8A-8A32-81AD2518B3C5}.Release|x64.ActiveCfg = Release|Any CPU
		{881E6A31-9BA0-4C8A-8A32-81AD2518B3C5}.Release|x64.Build.0 = Release|Any CPU
		{881E6A31-9BA0-4C8A-8A32-81AD2518B3C5}.Release|x86.ActiveCfg = Release|Any CPU
		{881E6A31-9BA0-4C8A-8A32-81AD2518B3C5}.Release|x86.Build.0 = Release|Any CPU
		{52E5EC41-4239-4B3D-B850-3085C5D889B5}.Debug|Any CPU.ActiveCfg = Debug|Any CPU
		{52E5EC41-4239-4B3D-B850-3085C5D889B5}.Debug|Any CPU.Build.0 = Debug|Any CPU
		{52E5EC41-4239-4B3D-B850-3085C5D889B5}.Debug|ARM.ActiveCfg = Debug|Any CPU
		{52E5EC41-4239-4B3D-B850-3085C5D889B5}.Debug|ARM.Build.0 = Debug|Any CPU
		{52E5EC41-4239-4B3D-B850-3085C5D889B5}.Debug|ARM64.ActiveCfg = Debug|Any CPU
		{52E5EC41-4239-4B3D-B850-3085C5D889B5}.Debug|ARM64.Build.0 = Debug|Any CPU
		{52E5EC41-4239-4B3D-B850-3085C5D889B5}.Debug|x64.ActiveCfg = Debug|Any CPU
		{52E5EC41-4239-4B3D-B850-3085C5D889B5}.Debug|x64.Build.0 = Debug|Any CPU
		{52E5EC41-4239-4B3D-B850-3085C5D889B5}.Debug|x86.ActiveCfg = Debug|Any CPU
		{52E5EC41-4239-4B3D-B850-3085C5D889B5}.Debug|x86.Build.0 = Debug|Any CPU
		{52E5EC41-4239-4B3D-B850-3085C5D889B5}.Release|Any CPU.ActiveCfg = Release|Any CPU
		{52E5EC41-4239-4B3D-B850-3085C5D889B5}.Release|Any CPU.Build.0 = Release|Any CPU
		{52E5EC41-4239-4B3D-B850-3085C5D889B5}.Release|ARM.ActiveCfg = Release|Any CPU
		{52E5EC41-4239-4B3D-B850-3085C5D889B5}.Release|ARM.Build.0 = Release|Any CPU
		{52E5EC41-4239-4B3D-B850-3085C5D889B5}.Release|ARM64.ActiveCfg = Release|Any CPU
		{52E5EC41-4239-4B3D-B850-3085C5D889B5}.Release|ARM64.Build.0 = Release|Any CPU
		{52E5EC41-4239-4B3D-B850-3085C5D889B5}.Release|x64.ActiveCfg = Release|Any CPU
		{52E5EC41-4239-4B3D-B850-3085C5D889B5}.Release|x64.Build.0 = Release|Any CPU
		{52E5EC41-4239-4B3D-B850-3085C5D889B5}.Release|x86.ActiveCfg = Release|Any CPU
		{52E5EC41-4239-4B3D-B850-3085C5D889B5}.Release|x86.Build.0 = Release|Any CPU
	EndGlobalSection
	GlobalSection(SolutionProperties) = preSolution
		HideSolutionNode = FALSE
	EndGlobalSection
	GlobalSection(ExtensibilityGlobals) = postSolution
		SolutionGuid = {F4DDD9FF-B5BF-404D-A815-9B855B4F1CC7}
	EndGlobalSection
EndGlobal
